{
  "name": "Mac_share",
  "lockfileVersion": 3,
  "requires": true,
  "packages": {
    "": {
      "dependencies": {
        "bme280": "^2.1.1",
        "bme280-sensor": "^0.1.7",
        "csv": "^6.2.8",
        "csv-parse": "^5.3.6",
        "csv-parser": "^3.0.0",
        "csvtojson": "^2.0.10",
        "json2csv": "^6.0.0-alpha.2",
        "npm-json2csv": "^1.0.16"
      }
    },
    "node_modules/@streamparser/json": {
      "version": "0.0.6",
      "resolved": "https://registry.npmjs.org/@streamparser/json/-/json-0.0.6.tgz",
      "integrity": "sha512-vL9EVn/v+OhZ+Wcs6O4iKE9EUpwHUqHmCtNUMWjqp+6dr85+XPOSGTEsqYNq1Vn04uk9SWlOVmx9J48ggJVT2Q=="
    },
    "node_modules/bindings": {
      "version": "1.5.0",
      "resolved": "https://registry.npmjs.org/bindings/-/bindings-1.5.0.tgz",
      "integrity": "sha512-p2q/t/mhvuOj/UeLlV6566GD/guowlr0hHxClI0W9m7MWYkL1F0hLo+0Aexs9HSPCtR1SXQ0TD3MMKrXZajbiQ==",
      "dependencies": {
        "file-uri-to-path": "1.0.0"
      }
    },
    "node_modules/bluebird": {
      "version": "3.7.2",
      "resolved": "https://registry.npmjs.org/bluebird/-/bluebird-3.7.2.tgz",
      "integrity": "sha512-XpNj6GDQzdfW+r2Wnn7xiSAd7TM3jzkxGXBGTtWKuSXv1xUV+azxAm8jdWZN06QTQk+2N2XB9jRDkvbmQmcRtg=="
    },
    "node_modules/bme280": {
      "version": "2.1.1",
      "resolved": "https://registry.npmjs.org/bme280/-/bme280-2.1.1.tgz",
      "integrity": "sha512-1CIZ/V7tXFY2woe0wXMVNuaEMIBJloFDjritwOwtlFbufkKqX/FMinh7DCgffLkHsVjfAQw2dPHx84A4Imv7uQ==",
      "dependencies": {
        "i2c-bus": "^5.2.2"
      },
      "engines": {
        "node": ">=10.0.0"
      }
    },
    "node_modules/bme280-sensor": {
      "version": "0.1.7",
      "resolved": "https://registry.npmjs.org/bme280-sensor/-/bme280-sensor-0.1.7.tgz",
      "integrity": "sha512-8+ss7jXMpRUUaR6bJWcvCt1bwdNqcusGjQtsuSqh5xTEZhJocDX21eo/j1g0zVZW9WEn4JAGNXyGwKTx4/Dj+A==",
      "dependencies": {
        "i2c-bus": "^5.1.0"
      }
    },
    "node_modules/commander": {
      "version": "6.2.1",
      "resolved": "https://registry.npmjs.org/commander/-/commander-6.2.1.tgz",
      "integrity": "sha512-U7VdrJFnJgo4xjrHpTzu0yrHPGImdsmD95ZlgYSEajAn2JKzDhDTPG9kBTefmObL2w/ngeZnilk+OV9CG3d7UA==",
      "engines": {
        "node": ">= 6"
      }
    },
    "node_modules/csv": {
      "version": "6.2.8",
      "resolved": "https://registry.npmjs.org/csv/-/csv-6.2.8.tgz",
      "integrity": "sha512-QGemEqFr5XgbHcufWwO+qnReFhClbd+6WywKDVqEXmRfGrJHl5fRrlphZUnsky2YAwcCxYJJilPUfaWbuBMfWA==",
      "dependencies": {
        "csv-generate": "^4.2.2",
        "csv-parse": "^5.3.6",
        "csv-stringify": "^6.3.0",
        "stream-transform": "^3.2.2"
      },
      "engines": {
        "node": ">= 0.1.90"
      }
    },
    "node_modules/csv-generate": {
      "version": "4.2.2",
      "resolved": "https://registry.npmjs.org/csv-generate/-/csv-generate-4.2.2.tgz",
      "integrity": "sha512-Ah/NcMxHMqwQsuL173yp8EOzHrbLh8iyScqTy990b+TJZNjHhy7gs5FfSmyQ2arLC2QVrueO3DYJVQnibJB3WQ=="
    },
    "node_modules/csv-parse": {
      "version": "5.3.6",
      "resolved": "https://registry.npmjs.org/csv-parse/-/csv-parse-5.3.6.tgz",
      "integrity": "sha512-WI330GjCuEioK/ii8HM2YE/eV+ynpeLvU+RXw4R8bRU8R0laK5zO3fDsc4gH8s472e3Ga38rbIjCAiQh+tEHkw=="
    },
    "node_modules/csv-parser": {
      "version": "3.0.0",
      "resolved": "https://registry.npmjs.org/csv-parser/-/csv-parser-3.0.0.tgz",
      "integrity": "sha512-s6OYSXAK3IdKqYO33y09jhypG/bSDHPuyCme/IdEHfWpLf/jKcpitVFyOC6UemgGk8v7Q5u2XE0vvwmanxhGlQ==",
      "dependencies": {
        "minimist": "^1.2.0"
      },
      "bin": {
        "csv-parser": "bin/csv-parser"
      },
      "engines": {
        "node": ">= 10"
      }
    },
    "node_modules/csv-stringify": {
      "version": "6.3.0",
      "resolved": "https://registry.npmjs.org/csv-stringify/-/csv-stringify-6.3.0.tgz",
      "integrity": "sha512-kTnnBkkLmAR1G409aUdShppWUClNbBQZXhrKrXzKYBGw4yfROspiFvVmjbKonCrdGfwnqwMXKLQG7ej7K/jwjg=="
    },
    "node_modules/csvtojson": {
      "version": "2.0.10",
      "resolved": "https://registry.npmjs.org/csvtojson/-/csvtojson-2.0.10.tgz",
      "integrity": "sha512-lUWFxGKyhraKCW8Qghz6Z0f2l/PqB1W3AO0HKJzGIQ5JRSlR651ekJDiGJbBT4sRNNv5ddnSGVEnsxP9XRCVpQ==",
      "dependencies": {
        "bluebird": "^3.5.1",
        "lodash": "^4.17.3",
        "strip-bom": "^2.0.0"
      },
      "bin": {
        "csvtojson": "bin/csvtojson"
      },
      "engines": {
        "node": ">=4.0.0"
      }
    },
    "node_modules/file-uri-to-path": {
      "version": "1.0.0",
      "resolved": "https://registry.npmjs.org/file-uri-to-path/-/file-uri-to-path-1.0.0.tgz",
      "integrity": "sha512-0Zt+s3L7Vf1biwWZ29aARiVYLx7iMGnEUl9x33fbB/j3jR81u/O2LbqK+Bm1CDSNDKVtJ/YjwY7TUd5SkeLQLw=="
    },
    "node_modules/fs": {
      "version": "0.0.1-security",
      "resolved": "https://registry.npmjs.org/fs/-/fs-0.0.1-security.tgz",
      "integrity": "sha512-3XY9e1pP0CVEUCdj5BmfIZxRBTSDycnbqhIOGec9QYtmVH2fbLpj86CFWkrNOkt/Fvty4KZG5lTglL9j/gJ87w=="
    },
    "node_modules/i2c-bus": {
      "version": "5.2.2",
      "resolved": "https://registry.npmjs.org/i2c-bus/-/i2c-bus-5.2.2.tgz",
      "integrity": "sha512-b2y/et08rqggEjqod6QxV0Ng+RlSkZXsdE+E1aZEQBahepZ9uFD9XfA77Y8O9SgyhwfGEn+CNxsw0gvXW1/m4g==",
      "hasInstallScript": true,
      "dependencies": {
        "bindings": "^1.5.0",
        "nan": "^2.14.2"
      },
      "engines": {
        "node": ">=10.0.0"
      }
    },
    "node_modules/is-utf8": {
      "version": "0.2.1",
      "resolved": "https://registry.npmjs.org/is-utf8/-/is-utf8-0.2.1.tgz",
      "integrity": "sha512-rMYPYvCzsXywIsldgLaSoPlw5PfoB/ssr7hY4pLfcodrA5M/eArza1a9VmTiNIBNMjOGr1Ow9mTyU2o69U6U9Q=="
    },
    "node_modules/json2csv": {
      "version": "6.0.0-alpha.2",
      "resolved": "https://registry.npmjs.org/json2csv/-/json2csv-6.0.0-alpha.2.tgz",
      "integrity": "sha512-nJ3oP6QxN8z69IT1HmrJdfVxhU1kLTBVgMfRnNZc37YEY+jZ4nU27rBGxT4vaqM/KUCavLRhntmTuBFqZLBUcA==",
      "dependencies": {
        "@streamparser/json": "^0.0.6",
        "commander": "^6.2.0",
        "lodash.get": "^4.4.2"
      },
      "bin": {
        "json2csv": "bin/json2csv.js"
      },
      "engines": {
        "node": ">= 12",
        "npm": ">= 6.13.0"
      }
    },
    "node_modules/lodash": {
      "version": "4.17.21",
      "resolved": "https://registry.npmjs.org/lodash/-/lodash-4.17.21.tgz",
      "integrity": "sha512-v2kDEe57lecTulaDIuNTPy3Ry4gLGJ6Z1O3vE1krgXZNrsQ+LFTGHVxVjcXPs17LhbZVGedAJv8XZ1tvj5FvSg=="
    },
    "node_modules/lodash.get": {
      "version": "4.4.2",
      "resolved": "https://registry.npmjs.org/lodash.get/-/lodash.get-4.4.2.tgz",
      "integrity": "sha512-z+Uw/vLuy6gQe8cfaFWD7p0wVv8fJl3mbzXh33RS+0oW2wvUqiRXiQ69gLWSLpgB5/6sU+r6BlQR0MBILadqTQ=="
    },
    "node_modules/minimist": {
      "version": "1.2.8",
      "resolved": "https://registry.npmjs.org/minimist/-/minimist-1.2.8.tgz",
      "integrity": "sha512-2yyAR8qBkN3YuheJanUpWC5U3bb5osDywNB8RzDVlDwDHbocAJveqqj1u8+SVD7jkWT4yvsHCpWqqWqAxb0zCA==",
      "funding": {
        "url": "https://github.com/sponsors/ljharb"
      }
    },
    "node_modules/nan": {
      "version": "2.17.0",
      "resolved": "https://registry.npmjs.org/nan/-/nan-2.17.0.tgz",
      "integrity": "sha512-2ZTgtl0nJsO0KQCjEpxcIr5D+Yv90plTitZt9JBfQvVJDS5seMl3FOvsh3+9CoYWXf/1l5OaZzzF6nDm4cagaQ=="
    },
    "node_modules/npm-json2csv": {
      "version": "1.0.16",
      "resolved": "https://registry.npmjs.org/npm-json2csv/-/npm-json2csv-1.0.16.tgz",
      "integrity": "sha512-U8zAJjssNcqeauSD92R/U4PnWapJf4krtNFCCnuyeq2MW8bBW7JtiWVXISwz7SfRQRfPunSryS95x6lTMV7UoQ==",
      "dependencies": {
        "fs": "0.0.1-security"
      }
    },
    "node_modules/stream-transform": {
      "version": "3.2.2",
      "resolved": "https://registry.npmjs.org/stream-transform/-/stream-transform-3.2.2.tgz",
      "integrity": "sha512-DHZQPNxvjU2qdQlGcpitn8pkJHQVTqdshtgXaLz6Vc5VCAognbGuuwGS5ugeqGVnyw8j4h89QcV8cwm0D1+V0A=="
    },
    "node_modules/strip-bom": {
      "version": "2.0.0",
      "resolved": "https://registry.npmjs.org/strip-bom/-/strip-bom-2.0.0.tgz",
      "integrity": "sha512-kwrX1y7czp1E69n2ajbG65mIo9dqvJ+8aBQXOGVxqwvNbsXdFM6Lq37dLAY3mknUwru8CfcCbfOLL/gMo+fi3g==",
      "dependencies": {
        "is-utf8": "^0.2.0"
      },
      "engines": {
        "node": ">=0.10.0"
      }
    }
  }
}
